
Microsoft Visual Studio Solution File, Format Version 12.00
# Visual Studio Version 16
VisualStudioVersion = 16.0.30413.136
MinimumVisualStudioVersion = 10.0.40219.1
Project("{FAE04EC0-301F-11D3-BF4B-00C04F79EFBC}") = "RoomBooking", "RoomBooking\RoomBooking.csproj", "{083833B2-5CB7-448F-9CC3-8BF9F43289FD}"
EndProject
Global
	GlobalSection(SolutionConfigurationPlatforms) = preSolution
		Debug|Any CPU = Debug|Any CPU
		Release|Any CPU = Release|Any CPU
	EndGlobalSection
	GlobalSection(ProjectConfigurationPlatforms) = postSolution
		{083833B2-5CB7-448F-9CC3-8BF9F43289FD}.Debug|Any CPU.ActiveCfg = Debug|Any CPU
		{083833B2-5CB7-448F-9CC3-8BF9F43289FD}.Debug|Any CPU.Build.0 = Debug|Any CPU
		{083833B2-5CB7-448F-9CC3-8BF9F43289FD}.Release|Any CPU.ActiveCfg = Release|Any CPU
		{083833B2-5CB7-448F-9CC3-8BF9F43289FD}.Release|Any CPU.Build.0 = Release|Any CPU
	EndGlobalSection
	GlobalSection(SolutionProperties) = preSolution
		HideSolutionNode = FALSE
	EndGlobalSection
	GlobalSection(ExtensibilityGlobals) = postSolution
		SolutionGuid = {69129ED7-83FC-4FD6-B809-FBC673E49D42}
	EndGlobalSection
EndGlobal
